
Microsoft Visual Studio Solution File, Format Version 12.00
# Visual Studio Version 17
VisualStudioVersion = 17.0.31903.59
MinimumVisualStudioVersion = 10.0.40219.1
Project("{9A19103F-16F7-4668-BE54-9A1E7A4F7556}") = "API", "API\API.csproj", "{C868B164-2678-4296-B700-96B73D2CDEC3}"
EndProject
Project("{FAE04EC0-301F-11D3-BF4B-00C04F79EFBC}") = "KursovaApp.Tests", "KursovaApp\KursovaApp.Tests.csproj", "{ACC24CC2-1070-43FE-A565-5FAF2DD80E5D}"
EndProject
Global
	GlobalSection(SolutionConfigurationPlatforms) = preSolution
		Debug|Any CPU = Debug|Any CPU
		Release|Any CPU = Release|Any CPU
	EndGlobalSection
	GlobalSection(ProjectConfigurationPlatforms) = postSolution
		{C868B164-2678-4296-B700-96B73D2CDEC3}.Debug|Any CPU.ActiveCfg = Debug|Any CPU
		{C868B164-2678-4296-B700-96B73D2CDEC3}.Debug|Any CPU.Build.0 = Debug|Any CPU
		{C868B164-2678-4296-B700-96B73D2CDEC3}.Release|Any CPU.ActiveCfg = Release|Any CPU
		{C868B164-2678-4296-B700-96B73D2CDEC3}.Release|Any CPU.Build.0 = Release|Any CPU
		{ACC24CC2-1070-43FE-A565-5FAF2DD80E5D}.Debug|Any CPU.ActiveCfg = Debug|Any CPU
		{ACC24CC2-1070-43FE-A565-5FAF2DD80E5D}.Debug|Any CPU.Build.0 = Debug|Any CPU
		{ACC24CC2-1070-43FE-A565-5FAF2DD80E5D}.Release|Any CPU.ActiveCfg = Release|Any CPU
		{ACC24CC2-1070-43FE-A565-5FAF2DD80E5D}.Release|Any CPU.Build.0 = Release|Any CPU
	EndGlobalSection
	GlobalSection(SolutionProperties) = preSolution
		HideSolutionNode = FALSE
	EndGlobalSection
EndGlobal
